
Microsoft Visual Studio Solution File, Format Version 12.00
# Visual Studio 15
VisualStudioVersion = 15.0.27428.2037
MinimumVisualStudioVersion = 10.0.40219.1
Project("{9A19103F-16F7-4668-BE54-9A1E7A4F7556}") = "GridTest", "..\..\..\..\source\repos\GridTest\GridTest\GridTest\GridTest.csproj", "{4E970089-E959-4C01-9F63-1E17A56D649E}"
EndProject
Project("{FAE04EC0-301F-11D3-BF4B-00C04F79EFBC}") = "GridTest.Android", "..\..\..\..\source\repos\GridTest\GridTest\GridTest.Android\GridTest.Android.csproj", "{2574E95E-33E5-4E2F-86BE-6DDF368ADEEE}"
EndProject
Project("{FAE04EC0-301F-11D3-BF4B-00C04F79EFBC}") = "GridTest.iOS", "..\..\..\..\source\repos\GridTest\GridTest\GridTest.iOS\GridTest.iOS.csproj", "{53DEF2B7-AD9F-4B04-8A84-91032A0F1B7E}"
EndProject
Global
	GlobalSection(SolutionConfigurationPlatforms) = preSolution
		Ad-Hoc|Any CPU = Ad-Hoc|Any CPU
		Ad-Hoc|iPhone = Ad-Hoc|iPhone
		Ad-Hoc|iPhoneSimulator = Ad-Hoc|iPhoneSimulator
		AppStore|Any CPU = AppStore|Any CPU
		AppStore|iPhone = AppStore|iPhone
		AppStore|iPhoneSimulator = AppStore|iPhoneSimulator
		Debug|Any CPU = Debug|Any CPU
		Debug|iPhone = Debug|iPhone
		Debug|iPhoneSimulator = Debug|iPhoneSimulator
		Release|Any CPU = Release|Any CPU
		Release|iPhone = Release|iPhone
		Release|iPhoneSimulator = Release|iPhoneSimulator
	EndGlobalSection
	GlobalSection(ProjectConfigurationPlatforms) = postSolution
		{4E970089-E959-4C01-9F63-1E17A56D649E}.Ad-Hoc|Any CPU.ActiveCfg = Debug|Any CPU
		{4E970089-E959-4C01-9F63-1E17A56D649E}.Ad-Hoc|Any CPU.Build.0 = Debug|Any CPU
		{4E970089-E959-4C01-9F63-1E17A56D649E}.Ad-Hoc|iPhone.ActiveCfg = Debug|Any CPU
		{4E970089-E959-4C01-9F63-1E17A56D649E}.Ad-Hoc|iPhone.Build.0 = Debug|Any CPU
		{4E970089-E959-4C01-9F63-1E17A56D649E}.Ad-Hoc|iPhoneSimulator.ActiveCfg = Debug|Any CPU
		{4E970089-E959-4C01-9F63-1E17A56D649E}.Ad-Hoc|iPhoneSimulator.Build.0 = Debug|Any CPU
		{4E970089-E959-4C01-9F63-1E17A56D649E}.AppStore|Any CPU.ActiveCfg = Debug|Any CPU
		{4E970089-E959-4C01-9F63-1E17A56D649E}.AppStore|Any CPU.Build.0 = Debug|Any CPU
		{4E970089-E959-4C01-9F63-1E17A56D649E}.AppStore|iPhone.ActiveCfg = Debug|Any CPU
		{4E970089-E959-4C01-9F63-1E17A56D649E}.AppStore|iPhone.Build.0 = Debug|Any CPU
		{4E970089-E959-4C01-9F63-1E17A56D649E}.AppStore|iPhoneSimulator.ActiveCfg = Debug|Any CPU
		{4E970089-E959-4C01-9F63-1E17A56D649E}.AppStore|iPhoneSimulator.Build.0 = Debug|Any CPU
		{4E970089-E959-4C01-9F63-1E17A56D649E}.Debug|Any CPU.ActiveCfg = Debug|Any CPU
		{4E970089-E959-4C01-9F63-1E17A56D649E}.Debug|Any CPU.Build.0 = Debug|Any CPU
		{4E970089-E959-4C01-9F63-1E17A56D649E}.Debug|iPhone.ActiveCfg = Debug|Any CPU
		{4E970089-E959-4C01-9F63-1E17A56D649E}.Debug|iPhone.Build.0 = Debug|Any CPU
		{4E970089-E959-4C01-9F63-1E17A56D649E}.Debug|iPhoneSimulator.ActiveCfg = Debug|Any CPU
		{4E970089-E959-4C01-9F63-1E17A56D649E}.Debug|iPhoneSimulator.Build.0 = Debug|Any CPU
		{4E970089-E959-4C01-9F63-1E17A56D649E}.Release|Any CPU.ActiveCfg = Release|Any CPU
		{4E970089-E959-4C01-9F63-1E17A56D649E}.Release|Any CPU.Build.0 = Release|Any CPU
		{4E970089-E959-4C01-9F63-1E17A56D649E}.Release|iPhone.ActiveCfg = Release|Any CPU
		{4E970089-E959-4C01-9F63-1E17A56D649E}.Release|iPhone.Build.0 = Release|Any CPU
		{4E970089-E959-4C01-9F63-1E17A56D649E}.Release|iPhoneSimulator.ActiveCfg = Release|Any CPU
		{4E970089-E959-4C01-9F63-1E17A56D649E}.Release|iPhoneSimulator.Build.0 = Release|Any CPU
		{2574E95E-33E5-4E2F-86BE-6DDF368ADEEE}.Ad-Hoc|Any CPU.ActiveCfg = Release|Any CPU
		{2574E95E-33E5-4E2F-86BE-6DDF368ADEEE}.Ad-Hoc|Any CPU.Build.0 = Release|Any CPU
		{2574E95E-33E5-4E2F-86BE-6DDF368ADEEE}.Ad-Hoc|Any CPU.Deploy.0 = Release|Any CPU
		{2574E95E-33E5-4E2F-86BE-6DDF368ADEEE}.Ad-Hoc|iPhone.ActiveCfg = Release|Any CPU
		{2574E95E-33E5-4E2F-86BE-6DDF368ADEEE}.Ad-Hoc|iPhone.Build.0 = Release|Any CPU
		{2574E95E-33E5-4E2F-86BE-6DDF368ADEEE}.Ad-Hoc|iPhone.Deploy.0 = Release|Any CPU
		{2574E95E-33E5-4E2F-86BE-6DDF368ADEEE}.Ad-Hoc|iPhoneSimulator.ActiveCfg = Release|Any CPU
		{2574E95E-33E5-4E2F-86BE-6DDF368ADEEE}.Ad-Hoc|iPhoneSimulator.Build.0 = Release|Any CPU
		{2574E95E-33E5-4E2F-86BE-6DDF368ADEEE}.Ad-Hoc|iPhoneSimulator.Deploy.0 = Release|Any CPU
		{2574E95E-33E5-4E2F-86BE-6DDF368ADEEE}.AppStore|Any CPU.ActiveCfg = Release|Any CPU
		{2574E95E-33E5-4E2F-86BE-6DDF368ADEEE}.AppStore|Any CPU.Build.0 = Release|Any CPU
		{2574E95E-33E5-4E2F-86BE-6DDF368ADEEE}.AppStore|Any CPU.Deploy.0 = Release|Any CPU
		{2574E95E-33E5-4E2F-86BE-6DDF368ADEEE}.AppStore|iPhone.ActiveCfg = Release|Any CPU
		{2574E95E-33E5-4E2F-86BE-6DDF368ADEEE}.AppStore|iPhone.Build.0 = Release|Any CPU
		{2574E95E-33E5-4E2F-86BE-6DDF368ADEEE}.AppStore|iPhone.Deploy.0 = Release|Any CPU
		{2574E95E-33E5-4E2F-86BE-6DDF368ADEEE}.AppStore|iPhoneSimulator.ActiveCfg = Release|Any CPU
		{2574E95E-33E5-4E2F-86BE-6DDF368ADEEE}.AppStore|iPhoneSimulator.Build.0 = Release|Any CPU
		{2574E95E-33E5-4E2F-86BE-6DDF368ADEEE}.AppStore|iPhoneSimulator.Deploy.0 = Release|Any CPU
		{2574E95E-33E5-4E2F-86BE-6DDF368ADEEE}.Debug|Any CPU.ActiveCfg = Debug|Any CPU
		{2574E95E-33E5-4E2F-86BE-6DDF368ADEEE}.Debug|Any CPU.Build.0 = Debug|Any CPU
		{2574E95E-33E5-4E2F-86BE-6DDF368ADEEE}.Debug|Any CPU.Deploy.0 = Debug|Any CPU
		{2574E95E-33E5-4E2F-86BE-6DDF368ADEEE}.Debug|iPhone.ActiveCfg = Debug|Any CPU
		{2574E95E-33E5-4E2F-86BE-6DDF368ADEEE}.Debug|iPhone.Build.0 = Debug|Any CPU
		{2574E95E-33E5-4E2F-86BE-6DDF368ADEEE}.Debug|iPhone.Deploy.0 = Debug|Any CPU
		{2574E95E-33E5-4E2F-86BE-6DDF368ADEEE}.Debug|iPhoneSimulator.ActiveCfg = Debug|Any CPU
		{2574E95E-33E5-4E2F-86BE-6DDF368ADEEE}.Debug|iPhoneSimulator.Build.0 = Debug|Any CPU
		{2574E95E-33E5-4E2F-86BE-6DDF368ADEEE}.Debug|iPhoneSimulator.Deploy.0 = Debug|Any CPU
		{2574E95E-33E5-4E2F-86BE-6DDF368ADEEE}.Release|Any CPU.ActiveCfg = Release|Any CPU
		{2574E95E-33E5-4E2F-86BE-6DDF368ADEEE}.Release|Any CPU.Build.0 = Release|Any CPU
		{2574E95E-33E5-4E2F-86BE-6DDF368ADEEE}.Release|Any CPU.Deploy.0 = Release|Any CPU
		{2574E95E-33E5-4E2F-86BE-6DDF368ADEEE}.Release|iPhone.ActiveCfg = Release|Any CPU
		{2574E95E-33E5-4E2F-86BE-6DDF368ADEEE}.Release|iPhone.Build.0 = Release|Any CPU
		{2574E95E-33E5-4E2F-86BE-6DDF368ADEEE}.Release|iPhone.Deploy.0 = Release|Any CPU
		{2574E95E-33E5-4E2F-86BE-6DDF368ADEEE}.Release|iPhoneSimulator.ActiveCfg = Release|Any CPU
		{2574E95E-33E5-4E2F-86BE-6DDF368ADEEE}.Release|iPhoneSimulator.Build.0 = Release|Any CPU
		{2574E95E-33E5-4E2F-86BE-6DDF368ADEEE}.Release|iPhoneSimulator.Deploy.0 = Release|Any CPU
		{53DEF2B7-AD9F-4B04-8A84-91032A0F1B7E}.Ad-Hoc|Any CPU.ActiveCfg = Ad-Hoc|iPhone
		{53DEF2B7-AD9F-4B04-8A84-91032A0F1B7E}.Ad-Hoc|iPhone.ActiveCfg = Ad-Hoc|iPhone
		{53DEF2B7-AD9F-4B04-8A84-91032A0F1B7E}.Ad-Hoc|iPhone.Build.0 = Ad-Hoc|iPhone
		{53DEF2B7-AD9F-4B04-8A84-91032A0F1B7E}.Ad-Hoc|iPhoneSimulator.ActiveCfg = Ad-Hoc|iPhoneSimulator
		{53DEF2B7-AD9F-4B04-8A84-91032A0F1B7E}.Ad-Hoc|iPhoneSimulator.Build.0 = Ad-Hoc|iPhoneSimulator
		{53DEF2B7-AD9F-4B04-8A84-91032A0F1B7E}.AppStore|Any CPU.ActiveCfg = AppStore|iPhone
		{53DEF2B7-AD9F-4B04-8A84-91032A0F1B7E}.AppStore|iPhone.ActiveCfg = AppStore|iPhone
		{53DEF2B7-AD9F-4B04-8A84-91032A0F1B7E}.AppStore|iPhone.Build.0 = AppStore|iPhone
		{53DEF2B7-AD9F-4B04-8A84-91032A0F1B7E}.AppStore|iPhoneSimulator.ActiveCfg = AppStore|iPhoneSimulator
		{53DEF2B7-AD9F-4B04-8A84-91032A0F1B7E}.AppStore|iPhoneSimulator.Build.0 = AppStore|iPhoneSimulator
		{53DEF2B7-AD9F-4B04-8A84-91032A0F1B7E}.Debug|Any CPU.ActiveCfg = Debug|iPhone
		{53DEF2B7-AD9F-4B04-8A84-91032A0F1B7E}.Debug|iPhone.ActiveCfg = Debug|iPhone
		{53DEF2B7-AD9F-4B04-8A84-91032A0F1B7E}.Debug|iPhone.Build.0 = Debug|iPhone
		{53DEF2B7-AD9F-4B04-8A84-91032A0F1B7E}.Debug|iPhoneSimulator.ActiveCfg = Debug|iPhoneSimulator
		{53DEF2B7-AD9F-4B04-8A84-91032A0F1B7E}.Debug|iPhoneSimulator.Build.0 = Debug|iPhoneSimulator
		{53DEF2B7-AD9F-4B04-8A84-91032A0F1B7E}.Release|Any CPU.ActiveCfg = Release|iPhone
		{53DEF2B7-AD9F-4B04-8A84-91032A0F1B7E}.Release|iPhone.ActiveCfg = Release|iPhone
		{53DEF2B7-AD9F-4B04-8A84-91032A0F1B7E}.Release|iPhone.Build.0 = Release|iPhone
		{53DEF2B7-AD9F-4B04-8A84-91032A0F1B7E}.Release|iPhoneSimulator.ActiveCfg = Release|iPhoneSimulator
		{53DEF2B7-AD9F-4B04-8A84-91032A0F1B7E}.Release|iPhoneSimulator.Build.0 = Release|iPhoneSimulator
	EndGlobalSection
	GlobalSection(SolutionProperties) = preSolution
		HideSolutionNode = FALSE
	EndGlobalSection
	GlobalSection(ExtensibilityGlobals) = postSolution
		SolutionGuid = {12B13FC3-82A5-4A16-B46F-8554E3061188}
	EndGlobalSection
EndGlobal
